%{"cowboy": {:package, "1.0.0"},
  "cowlib": {:package, "1.0.0"},
  "eredis": {:git, "git://github.com/wooga/eredis.git", "471dd471060daa1d98391cb69ae006f8ba79a042", [ref: "471dd"]},
  "exredis": {:git, "git://github.com/artemeff/exredis.git", "321487f1e747225ff86c5d8af7bb7f3b7a7901d6", [tag: "0.1.0"]},
  "linguist": {:package, "0.1.2"},
  "phoenix": {:package, "0.4.1"},
  "plug": {:package, "0.7.0"},
  "poison": {:package, "1.1.1"},
  "ranch": {:package, "1.0.0"},
  "uuid": {:package, "0.1.5"}}
